
Microsoft Visual Studio Solution File, Format Version 12.00
# Visual Studio 2012
Project("{FAE04EC0-301F-11D3-BF4B-00C04F79EFBC}") = "SharpMotion", "SharpMotion\SharpMotion.csproj", "{6EB31319-DE95-462A-9EB7-0B558DAF4409}"
EndProject
Project("{FAE04EC0-301F-11D3-BF4B-00C04F79EFBC}") = "SharpMotion.Core", "SharpMotion.Core\SharpMotion.Core.csproj", "{E004CFC0-2470-4A35-A8E9-D6FE08119ABA}"
EndProject
Global
	GlobalSection(SolutionConfigurationPlatforms) = preSolution
		Debug|Any CPU = Debug|Any CPU
		Release|Any CPU = Release|Any CPU
	EndGlobalSection
	GlobalSection(ProjectConfigurationPlatforms) = postSolution
		{6EB31319-DE95-462A-9EB7-0B558DAF4409}.Debug|Any CPU.ActiveCfg = Debug|Any CPU
		{6EB31319-DE95-462A-9EB7-0B558DAF4409}.Debug|Any CPU.Build.0 = Debug|Any CPU
		{6EB31319-DE95-462A-9EB7-0B558DAF4409}.Release|Any CPU.ActiveCfg = Release|Any CPU
		{6EB31319-DE95-462A-9EB7-0B558DAF4409}.Release|Any CPU.Build.0 = Release|Any CPU
		{E004CFC0-2470-4A35-A8E9-D6FE08119ABA}.Debug|Any CPU.ActiveCfg = Debug|Any CPU
		{E004CFC0-2470-4A35-A8E9-D6FE08119ABA}.Debug|Any CPU.Build.0 = Debug|Any CPU
		{E004CFC0-2470-4A35-A8E9-D6FE08119ABA}.Release|Any CPU.ActiveCfg = Release|Any CPU
		{E004CFC0-2470-4A35-A8E9-D6FE08119ABA}.Release|Any CPU.Build.0 = Release|Any CPU
	EndGlobalSection
	GlobalSection(SolutionProperties) = preSolution
		HideSolutionNode = FALSE
	EndGlobalSection
EndGlobal
